// !$*UTF8*$!
{
	archiveVersion = 1;
	classes = {
	};
	objectVersion = 50;
	objects = {

/* Begin PBXBuildFile section */
		6056BA54220381CA00797512 /* AppDelegate.swift in Sources */ = {isa = PBXBuildFile; fileRef = 6056BA53220381CA00797512 /* AppDelegate.swift */; };
		6056BA59220381CA00797512 /* Main.storyboard in Resources */ = {isa = PBXBuildFile; fileRef = 6056BA57220381CA00797512 /* Main.storyboard */; };
		6056BA5B220381CC00797512 /* Assets.xcassets in Resources */ = {isa = PBXBuildFile; fileRef = 6056BA5A220381CC00797512 /* Assets.xcassets */; };
		6056BA5E220381CC00797512 /* LaunchScreen.storyboard in Resources */ = {isa = PBXBuildFile; fileRef = 6056BA5C220381CC00797512 /* LaunchScreen.storyboard */; };
		6056BA69220381CD00797512 /* SpeechRecognitionTests.swift in Sources */ = {isa = PBXBuildFile; fileRef = 6056BA68220381CD00797512 /* SpeechRecognitionTests.swift */; };
		6056BA74220381CD00797512 /* SpeechRecognitionUITests.swift in Sources */ = {isa = PBXBuildFile; fileRef = 6056BA73220381CD00797512 /* SpeechRecognitionUITests.swift */; };
		6056BA842203839800797512 /* RecordingViewController.swift in Sources */ = {isa = PBXBuildFile; fileRef = 6056BA832203839800797512 /* RecordingViewController.swift */; };
		6056BA872203859400797512 /* Recording.swift in Sources */ = {isa = PBXBuildFile; fileRef = 6056BA862203859400797512 /* Recording.swift */; };
/* End PBXBuildFile section */

/* Begin PBXContainerItemProxy section */
		6056BA65220381CD00797512 /* PBXContainerItemProxy */ = {
			isa = PBXContainerItemProxy;
			containerPortal = 6056BA48220381CA00797512 /* Project object */;
			proxyType = 1;
			remoteGlobalIDString = 6056BA4F220381CA00797512;
			remoteInfo = SpeechRecognition;
		};
		6056BA70220381CD00797512 /* PBXContainerItemProxy */ = {
			isa = PBXContainerItemProxy;
			containerPortal = 6056BA48220381CA00797512 /* Project object */;
			proxyType = 1;
			remoteGlobalIDString = 6056BA4F220381CA00797512;
			remoteInfo = SpeechRecognition;
		};
/* End PBXContainerItemProxy section */

/* Begin PBXFileReference section */
		6056BA50220381CA00797512 /* SpeechRecognition.app */ = {isa = PBXFileReference; explicitFileType = wrapper.application; includeInIndex = 0; path = SpeechRecognition.app; sourceTree = BUILT_PRODUCTS_DIR; };
		6056BA53220381CA00797512 /* AppDelegate.swift */ = {isa = PBXFileReference; lastKnownFileType = sourcecode.swift; path = AppDelegate.swift; sourceTree = "<group>"; };
		6056BA58220381CA00797512 /* Base */ = {isa = PBXFileReference; lastKnownFileType = file.storyboard; name = Base; path = Base.lproj/Main.storyboard; sourceTree = "<group>"; };
		6056BA5A220381CC00797512 /* Assets.xcassets */ = {isa = PBXFileReference; lastKnownFileType = folder.assetcatalog; path = Assets.xcassets; sourceTree = "<group>"; };
		6056BA5D220381CC00797512 /* Base */ = {isa = PBXFileReference; lastKnownFileType = file.storyboard; name = Base; path = Base.lproj/LaunchScreen.storyboard; sourceTree = "<group>"; };
		6056BA5F220381CC00797512 /* Info.plist */ = {isa = PBXFileReference; lastKnownFileType = text.plist.xml; path = Info.plist; sourceTree = "<group>"; };
		6056BA64220381CD00797512 /* SpeechRecognitionTests.xctest */ = {isa = PBXFileReference; explicitFileType = wrapper.cfbundle; includeInIndex = 0; path = SpeechRecognitionTests.xctest; sourceTree = BUILT_PRODUCTS_DIR; };
		6056BA68220381CD00797512 /* SpeechRecognitionTests.swift */ = {isa = PBXFileReference; lastKnownFileType = sourcecode.swift; path = SpeechRecognitionTests.swift; sourceTree = "<group>"; };
		6056BA6A220381CD00797512 /* Info.plist */ = {isa = PBXFileReference; lastKnownFileType = text.plist.xml; path = Info.plist; sourceTree = "<group>"; };
		6056BA6F220381CD00797512 /* SpeechRecognitionUITests.xctest */ = {isa = PBXFileReference; explicitFileType = wrapper.cfbundle; includeInIndex = 0; path = SpeechRecognitionUITests.xctest; sourceTree = BUILT_PRODUCTS_DIR; };
		6056BA73220381CD00797512 /* SpeechRecognitionUITests.swift */ = {isa = PBXFileReference; lastKnownFileType = sourcecode.swift; path = SpeechRecognitionUITests.swift; sourceTree = "<group>"; };
		6056BA75220381CD00797512 /* Info.plist */ = {isa = PBXFileReference; lastKnownFileType = text.plist.xml; path = Info.plist; sourceTree = "<group>"; };
		6056BA832203839800797512 /* RecordingViewController.swift */ = {isa = PBXFileReference; lastKnownFileType = sourcecode.swift; path = RecordingViewController.swift; sourceTree = "<group>"; };
		6056BA862203859400797512 /* Recording.swift */ = {isa = PBXFileReference; lastKnownFileType = sourcecode.swift; path = Recording.swift; sourceTree = "<group>"; };
/* End PBXFileReference section */

/* Begin PBXFrameworksBuildPhase section */
		6056BA4D220381CA00797512 /* Frameworks */ = {
			isa = PBXFrameworksBuildPhase;
			buildActionMask = 2147483647;
			files = (
			);
			runOnlyForDeploymentPostprocessing = 0;
		};
		6056BA61220381CD00797512 /* Frameworks */ = {
			isa = PBXFrameworksBuildPhase;
			buildActionMask = 2147483647;
			files = (
			);
			runOnlyForDeploymentPostprocessing = 0;
		};
		6056BA6C220381CD00797512 /* Frameworks */ = {
			isa = PBXFrameworksBuildPhase;
			buildActionMask = 2147483647;
			files = (
			);
			runOnlyForDeploymentPostprocessing = 0;
		};
/* End PBXFrameworksBuildPhase section */

/* Begin PBXGroup section */
		6056BA47220381CA00797512 = {
			isa = PBXGroup;
			children = (
				6056BA852203858700797512 /* Model */,
				6056BA52220381CA00797512 /* SpeechRecognition */,
				6056BA67220381CD00797512 /* SpeechRecognitionTests */,
				6056BA72220381CD00797512 /* SpeechRecognitionUITests */,
				6056BA51220381CA00797512 /* Products */,
			);
			sourceTree = "<group>";
		};
		6056BA51220381CA00797512 /* Products */ = {
			isa = PBXGroup;
			children = (
				6056BA50220381CA00797512 /* SpeechRecognition.app */,
				6056BA64220381CD00797512 /* SpeechRecognitionTests.xctest */,
				6056BA6F220381CD00797512 /* SpeechRecognitionUITests.xctest */,
			);
			name = Products;
			sourceTree = "<group>";
		};
		6056BA52220381CA00797512 /* SpeechRecognition */ = {
			isa = PBXGroup;
			children = (
				6056BA53220381CA00797512 /* AppDelegate.swift */,
				6056BA57220381CA00797512 /* Main.storyboard */,
				6056BA832203839800797512 /* RecordingViewController.swift */,
				6056BA5A220381CC00797512 /* Assets.xcassets */,
				6056BA5C220381CC00797512 /* LaunchScreen.storyboard */,
				6056BA5F220381CC00797512 /* Info.plist */,
			);
			path = SpeechRecognition;
			sourceTree = "<group>";
		};
		6056BA67220381CD00797512 /* SpeechRecognitionTests */ = {
			isa = PBXGroup;
			children = (
				6056BA68220381CD00797512 /* SpeechRecognitionTests.swift */,
				6056BA6A220381CD00797512 /* Info.plist */,
			);
			path = SpeechRecognitionTests;
			sourceTree = "<group>";
		};
		6056BA72220381CD00797512 /* SpeechRecognitionUITests */ = {
			isa = PBXGroup;
			children = (
				6056BA73220381CD00797512 /* SpeechRecognitionUITests.swift */,
				6056BA75220381CD00797512 /* Info.plist */,
			);
			path = SpeechRecognitionUITests;
			sourceTree = "<group>";
		};
		6056BA852203858700797512 /* Model */ = {
			isa = PBXGroup;
			children = (
				6056BA862203859400797512 /* Recording.swift */,
			);
			path = Model;
			sourceTree = "<group>";
		};
/* End PBXGroup section */

/* Begin PBXNativeTarget section */
		6056BA4F220381CA00797512 /* SpeechRecognition */ = {
			isa = PBXNativeTarget;
			buildConfigurationList = 6056BA78220381CD00797512 /* Build configuration list for PBXNativeTarget "SpeechRecognition" */;
			buildPhases = (
				6056BA4C220381CA00797512 /* Sources */,
				6056BA4D220381CA00797512 /* Frameworks */,
				6056BA4E220381CA00797512 /* Resources */,
			);
			buildRules = (
			);
			dependencies = (
			);
			name = SpeechRecognition;
			productName = SpeechRecognition;
			productReference = 6056BA50220381CA00797512 /* SpeechRecognition.app */;
			productType = "com.apple.product-type.application";
		};
		6056BA63220381CD00797512 /* SpeechRecognitionTests */ = {
			isa = PBXNativeTarget;
			buildConfigurationList = 6056BA7B220381CD00797512 /* Build configuration list for PBXNativeTarget "SpeechRecognitionTests" */;
			buildPhases = (
				6056BA60220381CD00797512 /* Sources */,
				6056BA61220381CD00797512 /* Frameworks */,
				6056BA62220381CD00797512 /* Resources */,
			);
			buildRules = (
			);
			dependencies = (
				6056BA66220381CD00797512 /* PBXTargetDependency */,
			);
			name = SpeechRecognitionTests;
			productName = SpeechRecognitionTests;
			productReference = 6056BA64220381CD00797512 /* SpeechRecognitionTests.xctest */;
			productType = "com.apple.product-type.bundle.unit-test";
		};
		6056BA6E220381CD00797512 /* SpeechRecognitionUITests */ = {
			isa = PBXNativeTarget;
			buildConfigurationList = 6056BA7E220381CD00797512 /* Build configuration list for PBXNativeTarget "SpeechRecognitionUITests" */;
			buildPhases = (
				6056BA6B220381CD00797512 /* Sources */,
				6056BA6C220381CD00797512 /* Frameworks */,
				6056BA6D220381CD00797512 /* Resources */,
			);
			buildRules = (
			);
			dependencies = (
				6056BA71220381CD00797512 /* PBXTargetDependency */,
			);
			name = SpeechRecognitionUITests;
			productName = SpeechRecognitionUITests;
			productReference = 6056BA6F220381CD00797512 /* SpeechRecognitionUITests.xctest */;
			productType = "com.apple.product-type.bundle.ui-testing";
		};
/* End PBXNativeTarget section */

/* Begin PBXProject section */
		6056BA48220381CA00797512 /* Project object */ = {
			isa = PBXProject;
			attributes = {
				LastSwiftUpdateCheck = 1010;
				LastUpgradeCheck = 1010;
				ORGANIZATIONNAME = "Grant Maloney";
				TargetAttributes = {
					6056BA4F220381CA00797512 = {
						CreatedOnToolsVersion = 10.1;
					};
					6056BA63220381CD00797512 = {
						CreatedOnToolsVersion = 10.1;
						TestTargetID = 6056BA4F220381CA00797512;
					};
					6056BA6E220381CD00797512 = {
						CreatedOnToolsVersion = 10.1;
						TestTargetID = 6056BA4F220381CA00797512;
					};
				};
			};
			buildConfigurationList = 6056BA4B220381CA00797512 /* Build configuration list for PBXProject "SpeechRecognition" */;
			compatibilityVersion = "Xcode 9.3";
			developmentRegion = en;
			hasScannedForEncodings = 0;
			knownRegions = (
				en,
				Base,
			);
			mainGroup = 6056BA47220381CA00797512;
			productRefGroup = 6056BA51220381CA00797512 /* Products */;
			projectDirPath = "";
			projectRoot = "";
			targets = (
				6056BA4F220381CA00797512 /* SpeechRecognition */,
				6056BA63220381CD00797512 /* SpeechRecognitionTests */,
				6056BA6E220381CD00797512 /* SpeechRecognitionUITests */,
			);
		};
/* End PBXProject section */

/* Begin PBXResourcesBuildPhase section */
		6056BA4E220381CA00797512 /* Resources */ = {
			isa = PBXResourcesBuildPhase;
			buildActionMask = 2147483647;
			files = (
				6056BA5E220381CC00797512 /* LaunchScreen.storyboard in Resources */,
				6056BA5B220381CC00797512 /* Assets.xcassets in Resources */,
				6056BA59220381CA00797512 /* Main.storyboard in Resources */,
			);
			runOnlyForDeploymentPostprocessing = 0;
		};
		6056BA62220381CD00797512 /* Resources */ = {
			isa = PBXResourcesBuildPhase;
			buildActionMask = 2147483647;
			files = (
			);
			runOnlyForDeploymentPostprocessing = 0;
		};
		6056BA6D220381CD00797512 /* Resources */ = {
			isa = PBXResourcesBuildPhase;
			buildActionMask = 2147483647;
			files = (
			);
			runOnlyForDeploymentPostprocessing = 0;
		};
/* End PBXResourcesBuildPhase section */

/* Begin PBXSourcesBuildPhase section */
		6056BA4C220381CA00797512 /* Sources */ = {
			isa = PBXSourcesBuildPhase;
			buildActionMask = 2147483647;
			files = (
				6056BA842203839800797512 /* RecordingViewController.swift in Sources */,
				6056BA872203859400797512 /* Recording.swift in Sources */,
				6056BA54220381CA00797512 /* AppDelegate.swift in Sources */,
			);
			runOnlyForDeploymentPostprocessing = 0;
		};
		6056BA60220381CD00797512 /* Sources */ = {
			isa = PBXSourcesBuildPhase;
			buildActionMask = 2147483647;
			files = (
				6056BA69220381CD00797512 /* SpeechRecognitionTests.swift in Sources */,
			);
			runOnlyForDeploymentPostprocessing = 0;
		};
		6056BA6B220381CD00797512 /* Sources */ = {
			isa = PBXSourcesBuildPhase;
			buildActionMask = 2147483647;
			files = (
				6056BA74220381CD00797512 /* SpeechRecognitionUITests.swift in Sources */,
			);
			runOnlyForDeploymentPostprocessing = 0;
		};
/* End PBXSourcesBuildPhase section */

/* Begin PBXTargetDependency section */
		6056BA66220381CD00797512 /* PBXTargetDependency */ = {
			isa = PBXTargetDependency;
			target = 6056BA4F220381CA00797512 /* SpeechRecognition */;
			targetProxy = 6056BA65220381CD00797512 /* PBXContainerItemProxy */;
		};
		6056BA71220381CD00797512 /* PBXTargetDependency */ = {
			isa = PBXTargetDependency;
			target = 6056BA4F220381CA00797512 /* SpeechRecognition */;
			targetProxy = 6056BA70220381CD00797512 /* PBXContainerItemProxy */;
		};
/* End PBXTargetDependency section */

/* Begin PBXVariantGroup section */
		6056BA57220381CA00797512 /* Main.storyboard */ = {
			isa = PBXVariantGroup;
			children = (
				6056BA58220381CA00797512 /* Base */,
			);
			name = Main.storyboard;
			sourceTree = "<group>";
		};
		6056BA5C220381CC00797512 /* LaunchScreen.storyboard */ = {
			isa = PBXVariantGroup;
			children = (
				6056BA5D220381CC00797512 /* Base */,
			);
			name = LaunchScreen.storyboard;
			sourceTree = "<group>";
		};
/* End PBXVariantGroup section */

/* Begin XCBuildConfiguration section */
		6056BA76220381CD00797512 /* Debug */ = {
			isa = XCBuildConfiguration;
			buildSettings = {
				ALWAYS_SEARCH_USER_PATHS = NO;
				CLANG_ANALYZER_NONNULL = YES;
				CLANG_ANALYZER_NUMBER_OBJECT_CONVERSION = YES_AGGRESSIVE;
				CLANG_CXX_LANGUAGE_STANDARD = "gnu++14";
				CLANG_CXX_LIBRARY = "libc++";
				CLANG_ENABLE_MODULES = YES;
				CLANG_ENABLE_OBJC_ARC = YES;
				CLANG_ENABLE_OBJC_WEAK = YES;
				CLANG_WARN_BLOCK_CAPTURE_AUTORELEASING = YES;
				CLANG_WARN_BOOL_CONVERSION = YES;
				CLANG_WARN_COMMA = YES;
				CLANG_WARN_CONSTANT_CONVERSION = YES;
				CLANG_WARN_DEPRECATED_OBJC_IMPLEMENTATIONS = YES;
				CLANG_WARN_DIRECT_OBJC_ISA_USAGE = YES_ERROR;
				CLANG_WARN_DOCUMENTATION_COMMENTS = YES;
				CLANG_WARN_EMPTY_BODY = YES;
				CLANG_WARN_ENUM_CONVERSION = YES;
				CLANG_WARN_INFINITE_RECURSION = YES;
				CLANG_WARN_INT_CONVERSION = YES;
				CLANG_WARN_NON_LITERAL_NULL_CONVERSION = YES;
				CLANG_WARN_OBJC_IMPLICIT_RETAIN_SELF = YES;
				CLANG_WARN_OBJC_LITERAL_CONVERSION = YES;
				CLANG_WARN_OBJC_ROOT_CLASS = YES_ERROR;
				CLANG_WARN_RANGE_LOOP_ANALYSIS = YES;
				CLANG_WARN_STRICT_PROTOTYPES = YES;
				CLANG_WARN_SUSPICIOUS_MOVE = YES;
				CLANG_WARN_UNGUARDED_AVAILABILITY = YES_AGGRESSIVE;
				CLANG_WARN_UNREACHABLE_CODE = YES;
				CLANG_WARN__DUPLICATE_METHOD_MATCH = YES;
				CODE_SIGN_IDENTITY = "iPhone Developer";
				COPY_PHASE_STRIP = NO;
				DEBUG_INFORMATION_FORMAT = dwarf;
				ENABLE_STRICT_OBJC_MSGSEND = YES;
				ENABLE_TESTABILITY = YES;
				GCC_C_LANGUAGE_STANDARD = gnu11;
				GCC_DYNAMIC_NO_PIC = NO;
				GCC_NO_COMMON_BLOCKS = YES;
				GCC_OPTIMIZATION_LEVEL = 0;
				GCC_PREPROCESSOR_DEFINITIONS = (
					"DEBUG=1",
					"$(inherited)",
				);
				GCC_WARN_64_TO_32_BIT_CONVERSION = YES;
				GCC_WARN_ABOUT_RETURN_TYPE = YES_ERROR;
				GCC_WARN_UNDECLARED_SELECTOR = YES;
				GCC_WARN_UNINITIALIZED_AUTOS = YES_AGGRESSIVE;
				GCC_WARN_UNUSED_FUNCTION = YES;
				GCC_WARN_UNUSED_VARIABLE = YES;
				IPHONEOS_DEPLOYMENT_TARGET = 12.1;
				MTL_ENABLE_DEBUG_INFO = INCLUDE_SOURCE;
				MTL_FAST_MATH = YES;
				ONLY_ACTIVE_ARCH = YES;
				SDKROOT = iphoneos;
				SWIFT_ACTIVE_COMPILATION_CONDITIONS = DEBUG;
				SWIFT_OPTIMIZATION_LEVEL = "-Onone";
			};
			name = Debug;
		};
		6056BA77220381CD00797512 /* Release */ = {
			isa = XCBuildConfiguration;
			buildSettings = {
				ALWAYS_SEARCH_USER_PATHS = NO;
				CLANG_ANALYZER_NONNULL = YES;
				CLANG_ANALYZER_NUMBER_OBJECT_CONVERSION = YES_AGGRESSIVE;
				CLANG_CXX_LANGUAGE_STANDARD = "gnu++14";
				CLANG_CXX_LIBRARY = "libc++";
				CLANG_ENABLE_MODULES = YES;
				CLANG_ENABLE_OBJC_ARC = YES;
				CLANG_ENABLE_OBJC_WEAK = YES;
				CLANG_WARN_BLOCK_CAPTURE_AUTORELEASING = YES;
				CLANG_WARN_BOOL_CONVERSION = YES;
				CLANG_WARN_COMMA = YES;
				CLANG_WARN_CONSTANT_CONVERSION = YES;
				CLANG_WARN_DEPRECATED_OBJC_IMPLEMENTATIONS = YES;
				CLANG_WARN_DIRECT_OBJC_ISA_USAGE = YES_ERROR;
				CLANG_WARN_DOCUMENTATION_COMMENTS = YES;
				CLANG_WARN_EMPTY_BODY = YES;
				CLANG_WARN_ENUM_CONVERSION = YES;
				CLANG_WARN_INFINITE_RECURSION = YES;
				CLANG_WARN_INT_CONVERSION = YES;
				CLANG_WARN_NON_LITERAL_NULL_CONVERSION = YES;
				CLANG_WARN_OBJC_IMPLICIT_RETAIN_SELF = YES;
				CLANG_WARN_OBJC_LITERAL_CONVERSION = YES;
				CLANG_WARN_OBJC_ROOT_CLASS = YES_ERROR;
				CLANG_WARN_RANGE_LOOP_ANALYSIS = YES;
				CLANG_WARN_STRICT_PROTOTYPES = YES;
				CLANG_WARN_SUSPICIOUS_MOVE = YES;
				CLANG_WARN_UNGUARDED_AVAILABILITY = YES_AGGRESSIVE;
				CLANG_WARN_UNREACHABLE_CODE = YES;
				CLANG_WARN__DUPLICATE_METHOD_MATCH = YES;
				CODE_SIGN_IDENTITY = "iPhone Developer";
				COPY_PHASE_STRIP = NO;
				DEBUG_INFORMATION_FORMAT = "dwarf-with-dsym";
				ENABLE_NS_ASSERTIONS = NO;
				ENABLE_STRICT_OBJC_MSGSEND = YES;
				GCC_C_LANGUAGE_STANDARD = gnu11;
				GCC_NO_COMMON_BLOCKS = YES;
				GCC_WARN_64_TO_32_BIT_CONVERSION = YES;
				GCC_WARN_ABOUT_RETURN_TYPE = YES_ERROR;
				GCC_WARN_UNDECLARED_SELECTOR = YES;
				GCC_WARN_UNINITIALIZED_AUTOS = YES_AGGRESSIVE;
				GCC_WARN_UNUSED_FUNCTION = YES;
				GCC_WARN_UNUSED_VARIABLE = YES;
				IPHONEOS_DEPLOYMENT_TARGET = 12.1;
				MTL_ENABLE_DEBUG_INFO = NO;
				MTL_FAST_MATH = YES;
				SDKROOT = iphoneos;
				SWIFT_COMPILATION_MODE = wholemodule;
				SWIFT_OPTIMIZATION_LEVEL = "-O";
				VALIDATE_PRODUCT = YES;
			};
			name = Release;
		};
		6056BA79220381CD00797512 /* Debug */ = {
			isa = XCBuildConfiguration;
			buildSettings = {
				ASSETCATALOG_COMPILER_APPICON_NAME = AppIcon;
				CODE_SIGN_STYLE = Automatic;
				DEVELOPMENT_TEAM = WAQY4YN2JJ;
				INFOPLIST_FILE = SpeechRecognition/Info.plist;
				IPHONEOS_DEPLOYMENT_TARGET = 11.0;
				LD_RUNPATH_SEARCH_PATHS = (
					"$(inherited)",
					"@executable_path/Frameworks",
				);
				PRODUCT_BUNDLE_IDENTIFIER = gpmpn2.SpeechRecognition;
				PRODUCT_NAME = "$(TARGET_NAME)";
				SWIFT_VERSION = 4.2;
				TARGETED_DEVICE_FAMILY = "1,2";
			};
			name = Debug;
		};
		6056BA7A220381CD00797512 /* Release */ = {
			isa = XCBuildConfiguration;
			buildSettings = {
				ASSETCATALOG_COMPILER_APPICON_NAME = AppIcon;
				CODE_SIGN_STYLE = Automatic;
				DEVELOPMENT_TEAM = WAQY4YN2JJ;
				INFOPLIST_FILE = SpeechRecognition/Info.plist;
				IPHONEOS_DEPLOYMENT_TARGET = 11.0;
				LD_RUNPATH_SEARCH_PATHS = (
					"$(inherited)",
					"@executable_path/Frameworks",
				);
				PRODUCT_BUNDLE_IDENTIFIER = gpmpn2.SpeechRecognition;
				PRODUCT_NAME = "$(TARGET_NAME)";
				SWIFT_VERSION = 4.2;
				TARGETED_DEVICE_FAMILY = "1,2";
			};
			name = Release;
		};
		6056BA7C220381CD00797512 /* Debug */ = {
			isa = XCBuildConfiguration;
			buildSettings = {
				ALWAYS_EMBED_SWIFT_STANDARD_LIBRARIES = YES;
				BUNDLE_LOADER = "$(TEST_HOST)";
				CODE_SIGN_STYLE = Automatic;
				INFOPLIST_FILE = SpeechRecognitionTests/Info.plist;
				LD_RUNPATH_SEARCH_PATHS = (
					"$(inherited)",
					"@executable_path/Frameworks",
					"@loader_path/Frameworks",
				);
				PRODUCT_BUNDLE_IDENTIFIER = gpmpn2.SpeechRecognitionTests;
				PRODUCT_NAME = "$(TARGET_NAME)";
				SWIFT_VERSION = 4.2;
				TARGETED_DEVICE_FAMILY = "1,2";
				TEST_HOST = "$(BUILT_PRODUCTS_DIR)/SpeechRecognition.app/SpeechRecognition";
			};
			name = Debug;
		};
		6056BA7D220381CD00797512 /* Release */ = {
			isa = XCBuildConfiguration;
			buildSettings = {
				ALWAYS_EMBED_SWIFT_STANDARD_LIBRARIES = YES;
				BUNDLE_LOADER = "$(TEST_HOST)";
				CODE_SIGN_STYLE = Automatic;
				INFOPLIST_FILE = SpeechRecognitionTests/Info.plist;
				LD_RUNPATH_SEARCH_PATHS = (
					"$(inherited)",
					"@executable_path/Frameworks",
					"@loader_path/Frameworks",
				);
				PRODUCT_BUNDLE_IDENTIFIER = gpmpn2.SpeechRecognitionTests;
				PRODUCT_NAME = "$(TARGET_NAME)";
				SWIFT_VERSION = 4.2;
				TARGETED_DEVICE_FAMILY = "1,2";
				TEST_HOST = "$(BUILT_PRODUCTS_DIR)/SpeechRecognition.app/SpeechRecognition";
			};
			name = Release;
		};
		6056BA7F220381CD00797512 /* Debug */ = {
			isa = XCBuildConfiguration;
			buildSettings = {
				ALWAYS_EMBED_SWIFT_STANDARD_LIBRARIES = YES;
				CODE_SIGN_STYLE = Automatic;
				INFOPLIST_FILE = SpeechRecognitionUITests/Info.plist;
				LD_RUNPATH_SEARCH_PATHS = (
					"$(inherited)",
					"@executable_path/Frameworks",
					"@loader_path/Frameworks",
				);
				PRODUCT_BUNDLE_IDENTIFIER = gpmpn2.SpeechRecognitionUITests;
				PRODUCT_NAME = "$(TARGET_NAME)";
				SWIFT_VERSION = 4.2;
				TARGETED_DEVICE_FAMILY = "1,2";
				TEST_TARGET_NAME = SpeechRecognition;
			};
			name = Debug;
		};
		6056BA80220381CD00797512 /* Release */ = {
			isa = XCBuildConfiguration;
			buildSettings = {
				ALWAYS_EMBED_SWIFT_STANDARD_LIBRARIES = YES;
				CODE_SIGN_STYLE = Automatic;
				INFOPLIST_FILE = SpeechRecognitionUITests/Info.plist;
				LD_RUNPATH_SEARCH_PATHS = (
					"$(inherited)",
					"@executable_path/Frameworks",
					"@loader_path/Frameworks",
				);
				PRODUCT_BUNDLE_IDENTIFIER = gpmpn2.SpeechRecognitionUITests;
				PRODUCT_NAME = "$(TARGET_NAME)";
				SWIFT_VERSION = 4.2;
				TARGETED_DEVICE_FAMILY = "1,2";
				TEST_TARGET_NAME = SpeechRecognition;
			};
			name = Release;
		};
/* End XCBuildConfiguration section */

/* Begin XCConfigurationList section */
		6056BA4B220381CA00797512 /* Build configuration list for PBXProject "SpeechRecognition" */ = {
			isa = XCConfigurationList;
			buildConfigurations = (
				6056BA76220381CD00797512 /* Debug */,
				6056BA77220381CD00797512 /* Release */,
			);
			defaultConfigurationIsVisible = 0;
			defaultConfigurationName = Release;
		};
		6056BA78220381CD00797512 /* Build configuration list for PBXNativeTarget "SpeechRecognition" */ = {
			isa = XCConfigurationList;
			buildConfigurations = (
				6056BA79220381CD00797512 /* Debug */,
				6056BA7A220381CD00797512 /* Release */,
			);
			defaultConfigurationIsVisible = 0;
			defaultConfigurationName = Release;
		};
		6056BA7B220381CD00797512 /* Build configuration list for PBXNativeTarget "SpeechRecognitionTests" */ = {
			isa = XCConfigurationList;
			buildConfigurations = (
				6056BA7C220381CD00797512 /* Debug */,
				6056BA7D220381CD00797512 /* Release */,
			);
			defaultConfigurationIsVisible = 0;
			defaultConfigurationName = Release;
		};
		6056BA7E220381CD00797512 /* Build configuration list for PBXNativeTarget "SpeechRecognitionUITests" */ = {
			isa = XCConfigurationList;
			buildConfigurations = (
				6056BA7F220381CD00797512 /* Debug */,
				6056BA80220381CD00797512 /* Release */,
			);
			defaultConfigurationIsVisible = 0;
			defaultConfigurationName = Release;
		};
/* End XCConfigurationList section */
	};
	rootObject = 6056BA48220381CA00797512 /* Project object */;
}
